
Microsoft Visual Studio Solution File, Format Version 12.00
# Visual Studio Version 16
VisualStudioVersion = 16.0.30309.148
MinimumVisualStudioVersion = 10.0.40219.1
Project("{2150E333-8FDC-42A3-9474-1A3956D46DE8}") = "Presentation", "Presentation", "{25D349B9-BC02-42FB-BA92-271A805B0819}"
EndProject
Project("{9A19103F-16F7-4668-BE54-9A1E7A4F7556}") = "Company.Product.UI", "Company.Product.UI\Company.Product.UI.csproj", "{EB3F3FAE-6C61-4EB9-8642-F84B27E03F26}"
EndProject
Project("{2150E333-8FDC-42A3-9474-1A3956D46DE8}") = "GlobalAssemblyInfo", "GlobalAssemblyInfo", "{0804FBB2-FC5B-40C7-BF8D-8822BEB339C1}"
	ProjectSection(SolutionItems) = preProject
		GlobalAssemblyInfo.cs = GlobalAssemblyInfo.cs
	EndProjectSection
EndProject
Project("{2150E333-8FDC-42A3-9474-1A3956D46DE8}") = "Tests", "Tests", "{2AF9E9FF-C10E-4091-BBC9-35CD3619A826}"
EndProject
Project("{9A19103F-16F7-4668-BE54-9A1E7A4F7556}") = "Company.Product.UI.Tests", "Company.Product.UI.Tests\Company.Product.UI.Tests.csproj", "{4181F8D3-744E-407B-8B6B-EFDE17577016}"
EndProject
Project("{2150E333-8FDC-42A3-9474-1A3956D46DE8}") = "Package", "Package", "{CDB28558-E32F-477B-A6A8-4B9E5B039EEE}"
EndProject
Project("{C7167F0D-BC9F-4E6E-AFE1-012C56B48DB5}") = "Company.Product.Package", "Company.Product.Package\Company.Product.Package.wapproj", "{7D4D7A55-F5C1-454F-B4C2-C9D54D72777D}"
EndProject
Global
	GlobalSection(SolutionConfigurationPlatforms) = preSolution
		Debug|Any CPU = Debug|Any CPU
		Debug|ARM = Debug|ARM
		Debug|ARM64 = Debug|ARM64
		Debug|x64 = Debug|x64
		Debug|x86 = Debug|x86
		Release|Any CPU = Release|Any CPU
		Release|ARM = Release|ARM
		Release|ARM64 = Release|ARM64
		Release|x64 = Release|x64
		Release|x86 = Release|x86
	EndGlobalSection
	GlobalSection(ProjectConfigurationPlatforms) = postSolution
		{EB3F3FAE-6C61-4EB9-8642-F84B27E03F26}.Debug|Any CPU.ActiveCfg = Debug|x86
		{EB3F3FAE-6C61-4EB9-8642-F84B27E03F26}.Debug|ARM.ActiveCfg = Debug|x86
		{EB3F3FAE-6C61-4EB9-8642-F84B27E03F26}.Debug|ARM64.ActiveCfg = Debug|x86
		{EB3F3FAE-6C61-4EB9-8642-F84B27E03F26}.Debug|x64.ActiveCfg = Debug|x64
		{EB3F3FAE-6C61-4EB9-8642-F84B27E03F26}.Debug|x64.Build.0 = Debug|x64
		{EB3F3FAE-6C61-4EB9-8642-F84B27E03F26}.Debug|x86.ActiveCfg = Debug|x86
		{EB3F3FAE-6C61-4EB9-8642-F84B27E03F26}.Debug|x86.Build.0 = Debug|x86
		{EB3F3FAE-6C61-4EB9-8642-F84B27E03F26}.Release|Any CPU.ActiveCfg = Release|x86
		{EB3F3FAE-6C61-4EB9-8642-F84B27E03F26}.Release|ARM.ActiveCfg = Release|x86
		{EB3F3FAE-6C61-4EB9-8642-F84B27E03F26}.Release|ARM64.ActiveCfg = Release|x86
		{EB3F3FAE-6C61-4EB9-8642-F84B27E03F26}.Release|x64.ActiveCfg = Release|x64
		{EB3F3FAE-6C61-4EB9-8642-F84B27E03F26}.Release|x64.Build.0 = Release|x64
		{EB3F3FAE-6C61-4EB9-8642-F84B27E03F26}.Release|x86.ActiveCfg = Release|x86
		{EB3F3FAE-6C61-4EB9-8642-F84B27E03F26}.Release|x86.Build.0 = Release|x86
		{4181F8D3-744E-407B-8B6B-EFDE17577016}.Debug|Any CPU.ActiveCfg = Debug|Any CPU
		{4181F8D3-744E-407B-8B6B-EFDE17577016}.Debug|Any CPU.Build.0 = Debug|Any CPU
		{4181F8D3-744E-407B-8B6B-EFDE17577016}.Debug|ARM.ActiveCfg = Debug|Any CPU
		{4181F8D3-744E-407B-8B6B-EFDE17577016}.Debug|ARM.Build.0 = Debug|Any CPU
		{4181F8D3-744E-407B-8B6B-EFDE17577016}.Debug|ARM64.ActiveCfg = Debug|Any CPU
		{4181F8D3-744E-407B-8B6B-EFDE17577016}.Debug|ARM64.Build.0 = Debug|Any CPU
		{4181F8D3-744E-407B-8B6B-EFDE17577016}.Debug|x64.ActiveCfg = Debug|Any CPU
		{4181F8D3-744E-407B-8B6B-EFDE17577016}.Debug|x64.Build.0 = Debug|Any CPU
		{4181F8D3-744E-407B-8B6B-EFDE17577016}.Debug|x86.ActiveCfg = Debug|Any CPU
		{4181F8D3-744E-407B-8B6B-EFDE17577016}.Debug|x86.Build.0 = Debug|Any CPU
		{4181F8D3-744E-407B-8B6B-EFDE17577016}.Release|Any CPU.ActiveCfg = Release|Any CPU
		{4181F8D3-744E-407B-8B6B-EFDE17577016}.Release|Any CPU.Build.0 = Release|Any CPU
		{4181F8D3-744E-407B-8B6B-EFDE17577016}.Release|ARM.ActiveCfg = Release|Any CPU
		{4181F8D3-744E-407B-8B6B-EFDE17577016}.Release|ARM.Build.0 = Release|Any CPU
		{4181F8D3-744E-407B-8B6B-EFDE17577016}.Release|ARM64.ActiveCfg = Release|Any CPU
		{4181F8D3-744E-407B-8B6B-EFDE17577016}.Release|ARM64.Build.0 = Release|Any CPU
		{4181F8D3-744E-407B-8B6B-EFDE17577016}.Release|x64.ActiveCfg = Release|Any CPU
		{4181F8D3-744E-407B-8B6B-EFDE17577016}.Release|x64.Build.0 = Release|Any CPU
		{4181F8D3-744E-407B-8B6B-EFDE17577016}.Release|x86.ActiveCfg = Release|Any CPU
		{4181F8D3-744E-407B-8B6B-EFDE17577016}.Release|x86.Build.0 = Release|Any CPU
		{7D4D7A55-F5C1-454F-B4C2-C9D54D72777D}.Debug|Any CPU.ActiveCfg = Debug|Any CPU
		{7D4D7A55-F5C1-454F-B4C2-C9D54D72777D}.Debug|Any CPU.Build.0 = Debug|Any CPU
		{7D4D7A55-F5C1-454F-B4C2-C9D54D72777D}.Debug|Any CPU.Deploy.0 = Debug|Any CPU
		{7D4D7A55-F5C1-454F-B4C2-C9D54D72777D}.Debug|ARM.ActiveCfg = Debug|ARM
		{7D4D7A55-F5C1-454F-B4C2-C9D54D72777D}.Debug|ARM.Build.0 = Debug|ARM
		{7D4D7A55-F5C1-454F-B4C2-C9D54D72777D}.Debug|ARM.Deploy.0 = Debug|ARM
		{7D4D7A55-F5C1-454F-B4C2-C9D54D72777D}.Debug|ARM64.ActiveCfg = Debug|ARM64
		{7D4D7A55-F5C1-454F-B4C2-C9D54D72777D}.Debug|ARM64.Build.0 = Debug|ARM64
		{7D4D7A55-F5C1-454F-B4C2-C9D54D72777D}.Debug|ARM64.Deploy.0 = Debug|ARM64
		{7D4D7A55-F5C1-454F-B4C2-C9D54D72777D}.Debug|x64.ActiveCfg = Debug|x64
		{7D4D7A55-F5C1-454F-B4C2-C9D54D72777D}.Debug|x64.Build.0 = Debug|x64
		{7D4D7A55-F5C1-454F-B4C2-C9D54D72777D}.Debug|x64.Deploy.0 = Debug|x64
		{7D4D7A55-F5C1-454F-B4C2-C9D54D72777D}.Debug|x86.ActiveCfg = Debug|x86
		{7D4D7A55-F5C1-454F-B4C2-C9D54D72777D}.Debug|x86.Build.0 = Debug|x86
		{7D4D7A55-F5C1-454F-B4C2-C9D54D72777D}.Debug|x86.Deploy.0 = Debug|x86
		{7D4D7A55-F5C1-454F-B4C2-C9D54D72777D}.Release|Any CPU.ActiveCfg = Release|Any CPU
		{7D4D7A55-F5C1-454F-B4C2-C9D54D72777D}.Release|Any CPU.Build.0 = Release|Any CPU
		{7D4D7A55-F5C1-454F-B4C2-C9D54D72777D}.Release|Any CPU.Deploy.0 = Release|Any CPU
		{7D4D7A55-F5C1-454F-B4C2-C9D54D72777D}.Release|ARM.ActiveCfg = Release|ARM
		{7D4D7A55-F5C1-454F-B4C2-C9D54D72777D}.Release|ARM.Build.0 = Release|ARM
		{7D4D7A55-F5C1-454F-B4C2-C9D54D72777D}.Release|ARM.Deploy.0 = Release|ARM
		{7D4D7A55-F5C1-454F-B4C2-C9D54D72777D}.Release|ARM64.ActiveCfg = Release|ARM64
		{7D4D7A55-F5C1-454F-B4C2-C9D54D72777D}.Release|ARM64.Build.0 = Release|ARM64
		{7D4D7A55-F5C1-454F-B4C2-C9D54D72777D}.Release|ARM64.Deploy.0 = Release|ARM64
		{7D4D7A55-F5C1-454F-B4C2-C9D54D72777D}.Release|x64.ActiveCfg = Release|x64
		{7D4D7A55-F5C1-454F-B4C2-C9D54D72777D}.Release|x64.Build.0 = Release|x64
		{7D4D7A55-F5C1-454F-B4C2-C9D54D72777D}.Release|x64.Deploy.0 = Release|x64
		{7D4D7A55-F5C1-454F-B4C2-C9D54D72777D}.Release|x86.ActiveCfg = Release|x86
		{7D4D7A55-F5C1-454F-B4C2-C9D54D72777D}.Release|x86.Build.0 = Release|x86
		{7D4D7A55-F5C1-454F-B4C2-C9D54D72777D}.Release|x86.Deploy.0 = Release|x86
	EndGlobalSection
	GlobalSection(SolutionProperties) = preSolution
		HideSolutionNode = FALSE
	EndGlobalSection
	GlobalSection(NestedProjects) = preSolution
		{EB3F3FAE-6C61-4EB9-8642-F84B27E03F26} = {25D349B9-BC02-42FB-BA92-271A805B0819}
		{4181F8D3-744E-407B-8B6B-EFDE17577016} = {2AF9E9FF-C10E-4091-BBC9-35CD3619A826}
		{7D4D7A55-F5C1-454F-B4C2-C9D54D72777D} = {CDB28558-E32F-477B-A6A8-4B9E5B039EEE}
	EndGlobalSection
	GlobalSection(ExtensibilityGlobals) = postSolution
		SolutionGuid = {D4DD219F-F500-4DAB-8912-C7CBD433223B}
	EndGlobalSection
EndGlobal
